// !$*UTF8*$!
{
	archiveVersion = 1;
	classes = {
	};
	objectVersion = 50;
	objects = {

/* Begin PBXBuildFile section */
		C80D58AF213A8F2D00A69F2A /* System_Repclacement_Library.cpp in Sources */ = {isa = PBXBuildFile; fileRef = C80D58AD213A8F2D00A69F2A /* System_Repclacement_Library.cpp */; };
		C83D679421288E0000632623 /* Vector_And_Operations.cpp in Sources */ = {isa = PBXBuildFile; fileRef = C83D679221288E0000632623 /* Vector_And_Operations.cpp */; };
		C8B4EAAF210DA87600D56735 /* main.cpp in Sources */ = {isa = PBXBuildFile; fileRef = C8B4EAAE210DA87600D56735 /* main.cpp */; };
		C8ED9A13213ABA6400382225 /* Distorsion_Source.cpp in Sources */ = {isa = PBXBuildFile; fileRef = C8ED9A11213ABA6400382225 /* Distorsion_Source.cpp */; };
/* End PBXBuildFile section */

/* Begin PBXCopyFilesBuildPhase section */
		C8B4EAA9210DA87600D56735 /* CopyFiles */ = {
			isa = PBXCopyFilesBuildPhase;
			buildActionMask = 2147483647;
			dstPath = /usr/share/man/man1/;
			dstSubfolderSpec = 0;
			files = (
			);
			runOnlyForDeploymentPostprocessing = 1;
		};
/* End PBXCopyFilesBuildPhase section */

/* Begin PBXFileReference section */
		C80D58AD213A8F2D00A69F2A /* System_Repclacement_Library.cpp */ = {isa = PBXFileReference; lastKnownFileType = sourcecode.cpp.cpp; path = System_Repclacement_Library.cpp; sourceTree = "<group>"; };
		C80D58AE213A8F2D00A69F2A /* System_Repclacement_Library.hpp */ = {isa = PBXFileReference; lastKnownFileType = sourcecode.cpp.h; path = System_Repclacement_Library.hpp; sourceTree = "<group>"; };
		C83D679221288E0000632623 /* Vector_And_Operations.cpp */ = {isa = PBXFileReference; lastKnownFileType = sourcecode.cpp.cpp; path = Vector_And_Operations.cpp; sourceTree = "<group>"; };
		C83D679321288E0000632623 /* Vector_And_Operations.hpp */ = {isa = PBXFileReference; lastKnownFileType = sourcecode.cpp.h; path = Vector_And_Operations.hpp; sourceTree = "<group>"; };
		C8B4EAAB210DA87600D56735 /* TakagiTaupinSolver */ = {isa = PBXFileReference; explicitFileType = "compiled.mach-o.executable"; includeInIndex = 0; path = TakagiTaupinSolver; sourceTree = BUILT_PRODUCTS_DIR; };
		C8B4EAAE210DA87600D56735 /* main.cpp */ = {isa = PBXFileReference; lastKnownFileType = sourcecode.cpp.cpp; path = main.cpp; sourceTree = "<group>"; };
		C8ED9A11213ABA6400382225 /* Distorsion_Source.cpp */ = {isa = PBXFileReference; lastKnownFileType = sourcecode.cpp.cpp; path = Distorsion_Source.cpp; sourceTree = "<group>"; };
		C8ED9A12213ABA6400382225 /* Distorsion_Source.hpp */ = {isa = PBXFileReference; lastKnownFileType = sourcecode.cpp.h; path = Distorsion_Source.hpp; sourceTree = "<group>"; };
/* End PBXFileReference section */

/* Begin PBXFrameworksBuildPhase section */
		C8B4EAA8210DA87600D56735 /* Frameworks */ = {
			isa = PBXFrameworksBuildPhase;
			buildActionMask = 2147483647;
			files = (
			);
			runOnlyForDeploymentPostprocessing = 0;
		};
/* End PBXFrameworksBuildPhase section */

/* Begin PBXGroup section */
		C8B4EAA2210DA87600D56735 = {
			isa = PBXGroup;
			children = (
				C8B4EAAD210DA87600D56735 /* TakagiTaupinSolver */,
				C8B4EAAC210DA87600D56735 /* Products */,
			);
			sourceTree = "<group>";
		};
		C8B4EAAC210DA87600D56735 /* Products */ = {
			isa = PBXGroup;
			children = (
				C8B4EAAB210DA87600D56735 /* TakagiTaupinSolver */,
			);
			name = Products;
			sourceTree = "<group>";
		};
		C8B4EAAD210DA87600D56735 /* TakagiTaupinSolver */ = {
			isa = PBXGroup;
			children = (
				C8B4EAAE210DA87600D56735 /* main.cpp */,
				C80D58AD213A8F2D00A69F2A /* System_Repclacement_Library.cpp */,
				C80D58AE213A8F2D00A69F2A /* System_Repclacement_Library.hpp */,
				C83D679221288E0000632623 /* Vector_And_Operations.cpp */,
				C83D679321288E0000632623 /* Vector_And_Operations.hpp */,
				C8ED9A11213ABA6400382225 /* Distorsion_Source.cpp */,
				C8ED9A12213ABA6400382225 /* Distorsion_Source.hpp */,
			);
			path = TakagiTaupinSolver;
			sourceTree = "<group>";
		};
/* End PBXGroup section */

/* Begin PBXNativeTarget section */
		C8B4EAAA210DA87600D56735 /* TakagiTaupinSolver */ = {
			isa = PBXNativeTarget;
			buildConfigurationList = C8B4EAB2210DA87600D56735 /* Build configuration list for PBXNativeTarget "TakagiTaupinSolver" */;
			buildPhases = (
				C8B4EAA7210DA87600D56735 /* Sources */,
				C8B4EAA8210DA87600D56735 /* Frameworks */,
				C8B4EAA9210DA87600D56735 /* CopyFiles */,
			);
			buildRules = (
			);
			dependencies = (
			);
			name = TakagiTaupinSolver;
			productName = TakagiTaupinSolver;
			productReference = C8B4EAAB210DA87600D56735 /* TakagiTaupinSolver */;
			productType = "com.apple.product-type.tool";
		};
/* End PBXNativeTarget section */

/* Begin PBXProject section */
		C8B4EAA3210DA87600D56735 /* Project object */ = {
			isa = PBXProject;
			attributes = {
				LastUpgradeCheck = 0940;
				ORGANIZATIONNAME = "Владислав Метель";
				TargetAttributes = {
					C8B4EAAA210DA87600D56735 = {
						CreatedOnToolsVersion = 9.4.1;
					};
				};
			};
			buildConfigurationList = C8B4EAA6210DA87600D56735 /* Build configuration list for PBXProject "TakagiTaupinSolver" */;
			compatibilityVersion = "Xcode 9.3";
			developmentRegion = en;
			hasScannedForEncodings = 0;
			knownRegions = (
				en,
			);
			mainGroup = C8B4EAA2210DA87600D56735;
			productRefGroup = C8B4EAAC210DA87600D56735 /* Products */;
			projectDirPath = "";
			projectRoot = "";
			targets = (
				C8B4EAAA210DA87600D56735 /* TakagiTaupinSolver */,
			);
		};
/* End PBXProject section */

/* Begin PBXSourcesBuildPhase section */
		C8B4EAA7210DA87600D56735 /* Sources */ = {
			isa = PBXSourcesBuildPhase;
			buildActionMask = 2147483647;
			files = (
				C8ED9A13213ABA6400382225 /* Distorsion_Source.cpp in Sources */,
				C80D58AF213A8F2D00A69F2A /* System_Repclacement_Library.cpp in Sources */,
				C83D679421288E0000632623 /* Vector_And_Operations.cpp in Sources */,
				C8B4EAAF210DA87600D56735 /* main.cpp in Sources */,
			);
			runOnlyForDeploymentPostprocessing = 0;
		};
/* End PBXSourcesBuildPhase section */

/* Begin XCBuildConfiguration section */
		C8B4EAB0210DA87600D56735 /* Debug */ = {
			isa = XCBuildConfiguration;
			buildSettings = {
				ALWAYS_SEARCH_USER_PATHS = NO;
				CLANG_ANALYZER_NONNULL = YES;
				CLANG_ANALYZER_NUMBER_OBJECT_CONVERSION = YES_AGGRESSIVE;
				CLANG_CXX_LANGUAGE_STANDARD = "gnu++14";
				CLANG_CXX_LIBRARY = "libc++";
				CLANG_ENABLE_MODULES = YES;
				CLANG_ENABLE_OBJC_ARC = YES;
				CLANG_ENABLE_OBJC_WEAK = YES;
				CLANG_WARN_BLOCK_CAPTURE_AUTORELEASING = YES;
				CLANG_WARN_BOOL_CONVERSION = YES;
				CLANG_WARN_COMMA = YES;
				CLANG_WARN_CONSTANT_CONVERSION = YES;
				CLANG_WARN_DEPRECATED_OBJC_IMPLEMENTATIONS = YES;
				CLANG_WARN_DIRECT_OBJC_ISA_USAGE = YES_ERROR;
				CLANG_WARN_DOCUMENTATION_COMMENTS = YES;
				CLANG_WARN_EMPTY_BODY = YES;
				CLANG_WARN_ENUM_CONVERSION = YES;
				CLANG_WARN_INFINITE_RECURSION = YES;
				CLANG_WARN_INT_CONVERSION = YES;
				CLANG_WARN_NON_LITERAL_NULL_CONVERSION = YES;
				CLANG_WARN_OBJC_IMPLICIT_RETAIN_SELF = YES;
				CLANG_WARN_OBJC_LITERAL_CONVERSION = YES;
				CLANG_WARN_OBJC_ROOT_CLASS = YES_ERROR;
				CLANG_WARN_RANGE_LOOP_ANALYSIS = YES;
				CLANG_WARN_STRICT_PROTOTYPES = YES;
				CLANG_WARN_SUSPICIOUS_MOVE = YES;
				CLANG_WARN_UNGUARDED_AVAILABILITY = YES_AGGRESSIVE;
				CLANG_WARN_UNREACHABLE_CODE = YES;
				CLANG_WARN__DUPLICATE_METHOD_MATCH = YES;
				CODE_SIGN_IDENTITY = "-";
				COPY_PHASE_STRIP = NO;
				DEBUG_INFORMATION_FORMAT = dwarf;
				ENABLE_STRICT_OBJC_MSGSEND = YES;
				ENABLE_TESTABILITY = YES;
				GCC_C_LANGUAGE_STANDARD = gnu11;
				GCC_DYNAMIC_NO_PIC = NO;
				GCC_NO_COMMON_BLOCKS = YES;
				GCC_OPTIMIZATION_LEVEL = 0;
				GCC_PREPROCESSOR_DEFINITIONS = (
					"DEBUG=1",
					"$(inherited)",
				);
				GCC_WARN_64_TO_32_BIT_CONVERSION = YES;
				GCC_WARN_ABOUT_RETURN_TYPE = YES_ERROR;
				GCC_WARN_UNDECLARED_SELECTOR = YES;
				GCC_WARN_UNINITIALIZED_AUTOS = YES_AGGRESSIVE;
				GCC_WARN_UNUSED_FUNCTION = YES;
				GCC_WARN_UNUSED_VARIABLE = YES;
				MACOSX_DEPLOYMENT_TARGET = 10.13;
				MTL_ENABLE_DEBUG_INFO = YES;
				ONLY_ACTIVE_ARCH = YES;
				SDKROOT = macosx;
			};
			name = Debug;
		};
		C8B4EAB1210DA87600D56735 /* Release */ = {
			isa = XCBuildConfiguration;
			buildSettings = {
				ALWAYS_SEARCH_USER_PATHS = NO;
				CLANG_ANALYZER_NONNULL = YES;
				CLANG_ANALYZER_NUMBER_OBJECT_CONVERSION = YES_AGGRESSIVE;
				CLANG_CXX_LANGUAGE_STANDARD = "gnu++14";
				CLANG_CXX_LIBRARY = "libc++";
				CLANG_ENABLE_MODULES = YES;
				CLANG_ENABLE_OBJC_ARC = YES;
				CLANG_ENABLE_OBJC_WEAK = YES;
				CLANG_WARN_BLOCK_CAPTURE_AUTORELEASING = YES;
				CLANG_WARN_BOOL_CONVERSION = YES;
				CLANG_WARN_COMMA = YES;
				CLANG_WARN_CONSTANT_CONVERSION = YES;
				CLANG_WARN_DEPRECATED_OBJC_IMPLEMENTATIONS = YES;
				CLANG_WARN_DIRECT_OBJC_ISA_USAGE = YES_ERROR;
				CLANG_WARN_DOCUMENTATION_COMMENTS = YES;
				CLANG_WARN_EMPTY_BODY = YES;
				CLANG_WARN_ENUM_CONVERSION = YES;
				CLANG_WARN_INFINITE_RECURSION = YES;
				CLANG_WARN_INT_CONVERSION = YES;
				CLANG_WARN_NON_LITERAL_NULL_CONVERSION = YES;
				CLANG_WARN_OBJC_IMPLICIT_RETAIN_SELF = YES;
				CLANG_WARN_OBJC_LITERAL_CONVERSION = YES;
				CLANG_WARN_OBJC_ROOT_CLASS = YES_ERROR;
				CLANG_WARN_RANGE_LOOP_ANALYSIS = YES;
				CLANG_WARN_STRICT_PROTOTYPES = YES;
				CLANG_WARN_SUSPICIOUS_MOVE = YES;
				CLANG_WARN_UNGUARDED_AVAILABILITY = YES_AGGRESSIVE;
				CLANG_WARN_UNREACHABLE_CODE = YES;
				CLANG_WARN__DUPLICATE_METHOD_MATCH = YES;
				CODE_SIGN_IDENTITY = "-";
				COPY_PHASE_STRIP = NO;
				DEBUG_INFORMATION_FORMAT = "dwarf-with-dsym";
				ENABLE_NS_ASSERTIONS = NO;
				ENABLE_STRICT_OBJC_MSGSEND = YES;
				GCC_C_LANGUAGE_STANDARD = gnu11;
				GCC_NO_COMMON_BLOCKS = YES;
				GCC_WARN_64_TO_32_BIT_CONVERSION = YES;
				GCC_WARN_ABOUT_RETURN_TYPE = YES_ERROR;
				GCC_WARN_UNDECLARED_SELECTOR = YES;
				GCC_WARN_UNINITIALIZED_AUTOS = YES_AGGRESSIVE;
				GCC_WARN_UNUSED_FUNCTION = YES;
				GCC_WARN_UNUSED_VARIABLE = YES;
				MACOSX_DEPLOYMENT_TARGET = 10.13;
				MTL_ENABLE_DEBUG_INFO = NO;
				SDKROOT = macosx;
			};
			name = Release;
		};
		C8B4EAB3210DA87600D56735 /* Debug */ = {
			isa = XCBuildConfiguration;
			buildSettings = {
				CODE_SIGN_STYLE = Automatic;
				PRODUCT_NAME = "$(TARGET_NAME)";
			};
			name = Debug;
		};
		C8B4EAB4210DA87600D56735 /* Release */ = {
			isa = XCBuildConfiguration;
			buildSettings = {
				CODE_SIGN_STYLE = Automatic;
				PRODUCT_NAME = "$(TARGET_NAME)";
			};
			name = Release;
		};
/* End XCBuildConfiguration section */

/* Begin XCConfigurationList section */
		C8B4EAA6210DA87600D56735 /* Build configuration list for PBXProject "TakagiTaupinSolver" */ = {
			isa = XCConfigurationList;
			buildConfigurations = (
				C8B4EAB0210DA87600D56735 /* Debug */,
				C8B4EAB1210DA87600D56735 /* Release */,
			);
			defaultConfigurationIsVisible = 0;
			defaultConfigurationName = Release;
		};
		C8B4EAB2210DA87600D56735 /* Build configuration list for PBXNativeTarget "TakagiTaupinSolver" */ = {
			isa = XCConfigurationList;
			buildConfigurations = (
				C8B4EAB3210DA87600D56735 /* Debug */,
				C8B4EAB4210DA87600D56735 /* Release */,
			);
			defaultConfigurationIsVisible = 0;
			defaultConfigurationName = Release;
		};
/* End XCConfigurationList section */
	};
	rootObject = C8B4EAA3210DA87600D56735 /* Project object */;
}
